{
  "version": 4,
  "terraform_version": "0.12.9",
  "serial": 1054,
  "lineage": "0face4d3-8e34-a749-c418-c92a4b90899b",
  "outputs": {},
  "resources": [
    {
      "mode": "data",
      "type": "aws_iam_policy_document",
      "name": "b",
      "provider": "provider.aws.storage",
      "instances": []
    },
    {
      "mode": "data",
      "type": "aws_iam_policy_document",
      "name": "c",
      "provider": "provider.aws.storage",
      "instances": []
    },
    {
      "mode": "managed",
      "type": "aws_iam_role",
      "name": "iam_for_destinationlambda",
      "provider": "provider.aws.processing",
      "instances": [
        {
          "schema_version": 0,
          "attributes": {
            "arn": "arn:aws:iam::559086915534:role/iam_for_destinationlambda",
            "assume_role_policy": "{\"Version\":\"2012-10-17\",\"Statement\":[{\"Effect\":\"Allow\",\"Principal\":{\"Service\":\"lambda.amazonaws.com\"},\"Action\":\"sts:AssumeRole\"}]}",
            "create_date": "2019-10-07T15:58:39Z",
            "description": "",
            "force_detach_policies": false,
            "id": "iam_for_destinationlambda",
            "max_session_duration": 3600,
            "name": "iam_for_destinationlambda",
            "name_prefix": null,
            "path": "/",
            "permissions_boundary": null,
            "tags": {},
            "unique_id": "AROAYELBNJ7HL4N4XG3AY"
          },
          "private": "bnVsbA=="
        }
      ]
    },
    {
      "mode": "managed",
      "type": "aws_kinesis_firehose_delivery_stream",
      "name": "crossaccount_delivery_stream",
      "each": "list",
      "provider": "provider.aws.ingestion",
      "instances": []
    },
    {
      "mode": "managed",
      "type": "aws_kinesis_firehose_delivery_stream",
      "name": "delivery_stream",
      "each": "list",
      "provider": "provider.aws.ingestion",
      "instances": []
    },
    {
      "mode": "managed",
      "type": "aws_lambda_function",
      "name": "destinationfunc",
      "provider": "provider.aws.processing",
      "instances": [
        {
          "schema_version": 0,
          "attributes": {
            "arn": "arn:aws:lambda:eu-central-1:559086915534:function:s3-bucket-acl",
            "dead_letter_config": [],
            "description": "",
            "environment": [
              {
                "variables": {
                  "rolearn": "arn:aws:iam::463630300794:role/crossiam_for_destinationlambda"
                }
              }
            ],
            "filename": "index.js.zip",
            "function_name": "s3-bucket-acl",
            "handler": "index.handler",
            "id": "s3-bucket-acl",
            "invoke_arn": "arn:aws:apigateway:eu-central-1:lambda:path/2015-03-31/functions/arn:aws:lambda:eu-central-1:559086915534:function:s3-bucket-acl/invocations",
            "kms_key_arn": "",
            "last_modified": "2019-10-07T15:58:50.037+0000",
            "layers": [],
            "memory_size": 128,
            "publish": false,
            "qualified_arn": "arn:aws:lambda:eu-central-1:559086915534:function:s3-bucket-acl:$LATEST",
            "reserved_concurrent_executions": -1,
            "role": "arn:aws:iam::559086915534:role/iam_for_destinationlambda",
            "runtime": "nodejs10.x",
            "s3_bucket": null,
            "s3_key": null,
            "s3_object_version": null,
            "source_code_hash": "V5RaNWDGcMYVbyZ8ZCn4Cl8ChCwUfbsh4m4kutF4qgg=",
            "source_code_size": 977,
            "tags": {},
            "timeout": 3,
            "timeouts": null,
            "tracing_config": [
              {
                "mode": "PassThrough"
              }
            ],
            "version": "$LATEST",
            "vpc_config": []
          },
          "private": "eyJlMmJmYjczMC1lY2FhLTExZTYtOGY4OC0zNDM2M2JjN2M0YzAiOnsiY3JlYXRlIjo2MDAwMDAwMDAwMDB9fQ==",
          "depends_on": [
            "aws_iam_role.iam_for_destinationlambda"
          ]
        }
      ]
    },
    {
      "mode": "managed",
      "type": "aws_s3_bucket",
      "name": "destinationbucket",
      "provider": "provider.aws.storage",
      "instances": [
        {
          "schema_version": 0,
          "attributes": {
            "acceleration_status": "",
            "acl": "private",
            "arn": "arn:aws:s3:::destinationfromidealofirehose",
            "bucket": "destinationfromidealofirehose",
            "bucket_domain_name": "destinationfromidealofirehose.s3.amazonaws.com",
            "bucket_prefix": null,
            "bucket_regional_domain_name": "destinationfromidealofirehose.s3.eu-central-1.amazonaws.com",
            "cors_rule": [],
            "force_destroy": false,
            "hosted_zone_id": "Z21DNDUVLTQW6Q",
            "id": "destinationfromidealofirehose",
            "lifecycle_rule": [],
            "logging": [],
            "object_lock_configuration": [],
            "policy": null,
            "region": "eu-central-1",
            "replication_configuration": [],
            "request_payer": "BucketOwner",
            "server_side_encryption_configuration": [],
            "tags": {},
            "versioning": [
              {
                "enabled": false,
                "mfa_delete": false
              }
            ],
            "website": [],
            "website_domain": null,
            "website_endpoint": null
          },
          "private": "bnVsbA=="
        }
      ]
    },
    {
      "mode": "managed",
      "type": "aws_s3_bucket_notification",
      "name": "destinationbucket_notification",
      "provider": "provider.aws.storage",
      "instances": [
        {
          "schema_version": 0,
          "attributes": {
            "bucket": "destinationfromidealofirehose",
            "id": "destinationfromidealofirehose",
            "lambda_function": [
              {
                "events": [
                  "s3:ObjectCreated:*"
                ],
                "filter_prefix": "",
                "filter_suffix": "",
                "id": "tf-s3-lambda-20191007155849813000000004",
                "lambda_function_arn": "arn:aws:lambda:eu-central-1:559086915534:function:s3-bucket-acl"
              }
            ],
            "queue": [],
            "topic": []
          }
        }
      ]
    }
  ]
}
